
Microsoft Visual Studio Solution File, Format Version 12.00
# Visual Studio Version 16
VisualStudioVersion = 16.0.31410.357
MinimumVisualStudioVersion = 10.0.40219.1
Project("{9A19103F-16F7-4668-BE54-9A1E7A4F7556}") = "BookStoreAPI.Ale-vid", "BookStoreAPI.Ale-vid\BookStoreAPI.Ale-vid.csproj", "{B3C3DA8F-0BD9-47BA-B9C8-DF7123405CE1}"
EndProject
Project("{FAE04EC0-301F-11D3-BF4B-00C04F79EFBC}") = "BookStore.Data", "BookStore.Data\BookStore.Data.csproj", "{393BFAC5-18ED-4CBC-B603-AEEB10C7ECB8}"
EndProject
Global
	GlobalSection(SolutionConfigurationPlatforms) = preSolution
		Debug|Any CPU = Debug|Any CPU
		Release|Any CPU = Release|Any CPU
	EndGlobalSection
	GlobalSection(ProjectConfigurationPlatforms) = postSolution
		{B3C3DA8F-0BD9-47BA-B9C8-DF7123405CE1}.Debug|Any CPU.ActiveCfg = Debug|Any CPU
		{B3C3DA8F-0BD9-47BA-B9C8-DF7123405CE1}.Debug|Any CPU.Build.0 = Debug|Any CPU
		{B3C3DA8F-0BD9-47BA-B9C8-DF7123405CE1}.Release|Any CPU.ActiveCfg = Release|Any CPU
		{B3C3DA8F-0BD9-47BA-B9C8-DF7123405CE1}.Release|Any CPU.Build.0 = Release|Any CPU
		{393BFAC5-18ED-4CBC-B603-AEEB10C7ECB8}.Debug|Any CPU.ActiveCfg = Debug|Any CPU
		{393BFAC5-18ED-4CBC-B603-AEEB10C7ECB8}.Debug|Any CPU.Build.0 = Debug|Any CPU
		{393BFAC5-18ED-4CBC-B603-AEEB10C7ECB8}.Release|Any CPU.ActiveCfg = Release|Any CPU
		{393BFAC5-18ED-4CBC-B603-AEEB10C7ECB8}.Release|Any CPU.Build.0 = Release|Any CPU
	EndGlobalSection
	GlobalSection(SolutionProperties) = preSolution
		HideSolutionNode = FALSE
	EndGlobalSection
	GlobalSection(ExtensibilityGlobals) = postSolution
		SolutionGuid = {4B4821F2-D51E-4EF0-B0CA-6FD302E69C92}
	EndGlobalSection
EndGlobal
